
Microsoft Visual Studio Solution File, Format Version 12.00
# Visual Studio 14
VisualStudioVersion = 14.0.24720.0
MinimumVisualStudioVersion = 10.0.40219.1
Project("{FAE04EC0-301F-11D3-BF4B-00C04F79EFBC}") = "Mig", "Mig\Mig.csproj", "{5FDE91D1-D182-4625-92D1-60C682D43D0C}"
EndProject
Global
	GlobalSection(SolutionConfigurationPlatforms) = preSolution
		Debug|Any CPU = Debug|Any CPU
		Release|Any CPU = Release|Any CPU
	EndGlobalSection
	GlobalSection(ProjectConfigurationPlatforms) = postSolution
		{5FDE91D1-D182-4625-92D1-60C682D43D0C}.Debug|Any CPU.ActiveCfg = Debug|Any CPU
		{5FDE91D1-D182-4625-92D1-60C682D43D0C}.Debug|Any CPU.Build.0 = Debug|Any CPU
		{5FDE91D1-D182-4625-92D1-60C682D43D0C}.Release|Any CPU.ActiveCfg = Release|Any CPU
		{5FDE91D1-D182-4625-92D1-60C682D43D0C}.Release|Any CPU.Build.0 = Release|Any CPU
	EndGlobalSection
	GlobalSection(SolutionProperties) = preSolution
		HideSolutionNode = FALSE
	EndGlobalSection
EndGlobal
